
Microsoft Visual Studio Solution File, Format Version 12.00
# Visual Studio Version 17
VisualStudioVersion = 17.2.32516.85
MinimumVisualStudioVersion = 10.0.40219.1
Project("{FAE04EC0-301F-11D3-BF4B-00C04F79EFBC}") = "ASAssignment3", "ASAssignment3\ASAssignment3.csproj", "{7EE75755-9968-4A95-852E-66E3B031D450}"
EndProject
Global
	GlobalSection(SolutionConfigurationPlatforms) = preSolution
		Debug|Any CPU = Debug|Any CPU
		Release|Any CPU = Release|Any CPU
	EndGlobalSection
	GlobalSection(ProjectConfigurationPlatforms) = postSolution
		{7EE75755-9968-4A95-852E-66E3B031D450}.Debug|Any CPU.ActiveCfg = Debug|Any CPU
		{7EE75755-9968-4A95-852E-66E3B031D450}.Debug|Any CPU.Build.0 = Debug|Any CPU
		{7EE75755-9968-4A95-852E-66E3B031D450}.Release|Any CPU.ActiveCfg = Release|Any CPU
		{7EE75755-9968-4A95-852E-66E3B031D450}.Release|Any CPU.Build.0 = Release|Any CPU
	EndGlobalSection
	GlobalSection(SolutionProperties) = preSolution
		HideSolutionNode = FALSE
	EndGlobalSection
	GlobalSection(ExtensibilityGlobals) = postSolution
		SolutionGuid = {B0821CA4-14FC-4DE2-A293-7864D7DD9601}
	EndGlobalSection
EndGlobal
